
Microsoft Visual Studio Solution File, Format Version 12.00
# Visual Studio 15
VisualStudioVersion = 15.0.25807.0
MinimumVisualStudioVersion = 10.0.40219.1
Project("{2150E333-8FDC-42A3-9474-1A3956D46DE8}") = "Engine", "Engine", "{BDB7E00D-930B-4EA7-81F4-5BA69EBE0EDB}"
EndProject
Project("{2150E333-8FDC-42A3-9474-1A3956D46DE8}") = "Games", "Games", "{D9D0BB6E-7BA0-4CA4-B49D-2D506A96F76E}"
EndProject
Project("{8BC9CEB8-8B4A-11D0-8D11-00A0C91BC942}") = "UE4", "Intermediate\ProjectFiles\UE4.vcxproj", "{57C90D2D-82B8-4EBA-8DDC-CA16728DEC66}"
EndProject
Project("{8BC9CEB8-8B4A-11D0-8D11-00A0C91BC942}") = "RTS_Lessons", "Intermediate\ProjectFiles\RTS_Lessons.vcxproj", "{E4C23633-7331-4B7A-AED8-DCD2F450885B}"
EndProject
Project("{2150E333-8FDC-42A3-9474-1A3956D46DE8}") = "Visualizers", "Visualizers", "{E8A4E885-3E79-498B-BED1-5987E78DD45D}"
	ProjectSection(SolutionItems) = preProject
		C:\Program Files\Epic Games\UE_4.22\Engine\Extras\VisualStudioDebugging\UE4.natvis = C:\Program Files\Epic Games\UE_4.22\Engine\Extras\VisualStudioDebugging\UE4.natvis
	EndProjectSection
EndProject
Global
	GlobalSection(SolutionConfigurationPlatforms) = preSolution
		DebugGame Editor|HTML5 = DebugGame Editor|HTML5
		DebugGame Editor|Win32 = DebugGame Editor|Win32
		DebugGame Editor|Win64 = DebugGame Editor|Win64
		DebugGame|HTML5 = DebugGame|HTML5
		DebugGame|Win32 = DebugGame|Win32
		DebugGame|Win64 = DebugGame|Win64
		Development Editor|HTML5 = Development Editor|HTML5
		Development Editor|Win32 = Development Editor|Win32
		Development Editor|Win64 = Development Editor|Win64
		Development|HTML5 = Development|HTML5
		Development|Win32 = Development|Win32
		Development|Win64 = Development|Win64
		Shipping|HTML5 = Shipping|HTML5
		Shipping|Win32 = Shipping|Win32
		Shipping|Win64 = Shipping|Win64
	EndGlobalSection
	GlobalSection(ProjectConfigurationPlatforms) = postSolution
		{57C90D2D-82B8-4EBA-8DDC-CA16728DEC66}.DebugGame Editor|HTML5.ActiveCfg = BuiltWithUnrealBuildTool|Win32
		{57C90D2D-82B8-4EBA-8DDC-CA16728DEC66}.DebugGame Editor|Win32.ActiveCfg = BuiltWithUnrealBuildTool|Win32
		{57C90D2D-82B8-4EBA-8DDC-CA16728DEC66}.DebugGame Editor|Win64.ActiveCfg = BuiltWithUnrealBuildTool|Win32
		{57C90D2D-82B8-4EBA-8DDC-CA16728DEC66}.DebugGame|HTML5.ActiveCfg = BuiltWithUnrealBuildTool|Win32
		{57C90D2D-82B8-4EBA-8DDC-CA16728DEC66}.DebugGame|Win32.ActiveCfg = BuiltWithUnrealBuildTool|Win32
		{57C90D2D-82B8-4EBA-8DDC-CA16728DEC66}.DebugGame|Win64.ActiveCfg = BuiltWithUnrealBuildTool|Win32
		{57C90D2D-82B8-4EBA-8DDC-CA16728DEC66}.Development Editor|HTML5.ActiveCfg = BuiltWithUnrealBuildTool|Win32
		{57C90D2D-82B8-4EBA-8DDC-CA16728DEC66}.Development Editor|Win32.ActiveCfg = BuiltWithUnrealBuildTool|Win32
		{57C90D2D-82B8-4EBA-8DDC-CA16728DEC66}.Development Editor|Win64.ActiveCfg = BuiltWithUnrealBuildTool|Win32
		{57C90D2D-82B8-4EBA-8DDC-CA16728DEC66}.Development|HTML5.ActiveCfg = BuiltWithUnrealBuildTool|Win32
		{57C90D2D-82B8-4EBA-8DDC-CA16728DEC66}.Development|Win32.ActiveCfg = BuiltWithUnrealBuildTool|Win32
		{57C90D2D-82B8-4EBA-8DDC-CA16728DEC66}.Development|Win64.ActiveCfg = BuiltWithUnrealBuildTool|Win32
		{57C90D2D-82B8-4EBA-8DDC-CA16728DEC66}.Shipping|HTML5.ActiveCfg = BuiltWithUnrealBuildTool|Win32
		{57C90D2D-82B8-4EBA-8DDC-CA16728DEC66}.Shipping|Win32.ActiveCfg = BuiltWithUnrealBuildTool|Win32
		{57C90D2D-82B8-4EBA-8DDC-CA16728DEC66}.Shipping|Win64.ActiveCfg = BuiltWithUnrealBuildTool|Win32
		{E4C23633-7331-4B7A-AED8-DCD2F450885B}.DebugGame Editor|HTML5.ActiveCfg = Invalid|Win32
		{E4C23633-7331-4B7A-AED8-DCD2F450885B}.DebugGame Editor|Win32.ActiveCfg = Invalid|Win32
		{E4C23633-7331-4B7A-AED8-DCD2F450885B}.DebugGame Editor|Win64.ActiveCfg = DebugGame_Editor|x64
		{E4C23633-7331-4B7A-AED8-DCD2F450885B}.DebugGame Editor|Win64.Build.0 = DebugGame_Editor|x64
		{E4C23633-7331-4B7A-AED8-DCD2F450885B}.DebugGame|HTML5.ActiveCfg = HTML5_DebugGame|Win32
		{E4C23633-7331-4B7A-AED8-DCD2F450885B}.DebugGame|HTML5.Build.0 = HTML5_DebugGame|Win32
		{E4C23633-7331-4B7A-AED8-DCD2F450885B}.DebugGame|Win32.ActiveCfg = DebugGame|Win32
		{E4C23633-7331-4B7A-AED8-DCD2F450885B}.DebugGame|Win32.Build.0 = DebugGame|Win32
		{E4C23633-7331-4B7A-AED8-DCD2F450885B}.DebugGame|Win64.ActiveCfg = DebugGame|x64
		{E4C23633-7331-4B7A-AED8-DCD2F450885B}.DebugGame|Win64.Build.0 = DebugGame|x64
		{E4C23633-7331-4B7A-AED8-DCD2F450885B}.Development Editor|HTML5.ActiveCfg = Invalid|Win32
		{E4C23633-7331-4B7A-AED8-DCD2F450885B}.Development Editor|Win32.ActiveCfg = Invalid|Win32
		{E4C23633-7331-4B7A-AED8-DCD2F450885B}.Development Editor|Win64.ActiveCfg = Development_Editor|x64
		{E4C23633-7331-4B7A-AED8-DCD2F450885B}.Development Editor|Win64.Build.0 = Development_Editor|x64
		{E4C23633-7331-4B7A-AED8-DCD2F450885B}.Development|HTML5.ActiveCfg = HTML5_Development|Win32
		{E4C23633-7331-4B7A-AED8-DCD2F450885B}.Development|HTML5.Build.0 = HTML5_Development|Win32
		{E4C23633-7331-4B7A-AED8-DCD2F450885B}.Development|Win32.ActiveCfg = Development|Win32
		{E4C23633-7331-4B7A-AED8-DCD2F450885B}.Development|Win32.Build.0 = Development|Win32
		{E4C23633-7331-4B7A-AED8-DCD2F450885B}.Development|Win64.ActiveCfg = Development|x64
		{E4C23633-7331-4B7A-AED8-DCD2F450885B}.Development|Win64.Build.0 = Development|x64
		{E4C23633-7331-4B7A-AED8-DCD2F450885B}.Shipping|HTML5.ActiveCfg = HTML5_Shipping|Win32
		{E4C23633-7331-4B7A-AED8-DCD2F450885B}.Shipping|HTML5.Build.0 = HTML5_Shipping|Win32
		{E4C23633-7331-4B7A-AED8-DCD2F450885B}.Shipping|Win32.ActiveCfg = Shipping|Win32
		{E4C23633-7331-4B7A-AED8-DCD2F450885B}.Shipping|Win32.Build.0 = Shipping|Win32
		{E4C23633-7331-4B7A-AED8-DCD2F450885B}.Shipping|Win64.ActiveCfg = Shipping|x64
		{E4C23633-7331-4B7A-AED8-DCD2F450885B}.Shipping|Win64.Build.0 = Shipping|x64
	EndGlobalSection
	GlobalSection(SolutionProperties) = preSolution
		HideSolutionNode = FALSE
	EndGlobalSection
	GlobalSection(NestedProjects) = preSolution
		{57C90D2D-82B8-4EBA-8DDC-CA16728DEC66} = {BDB7E00D-930B-4EA7-81F4-5BA69EBE0EDB}
		{E4C23633-7331-4B7A-AED8-DCD2F450885B} = {D9D0BB6E-7BA0-4CA4-B49D-2D506A96F76E}
	EndGlobalSection
EndGlobal
